
Microsoft Visual Studio Solution File, Format Version 12.00
# Visual Studio Version 17
VisualStudioVersion = 17.14.36301.6
MinimumVisualStudioVersion = 10.0.40219.1
Project("{F184B08F-C81C-45F6-A57F-5ABD9991F28F}") = "SiparisEntegrasyonu", "SiparisEntegrasyonu\SiparisEntegrasyonu.vbproj", "{50C63589-6E7D-44F2-96C5-49A99AABC718}"
EndProject
Project("{2150E333-8FDC-42A3-9474-1A3956D46DE8}") = "Solution Items", "Solution Items", "{8EC462FD-D22E-90A8-E5CE-7E832BA40C5D}"
	ProjectSection(SolutionItems) = preProject
		LICENSE = LICENSE
	EndProjectSection
EndProject
Global
	GlobalSection(SolutionConfigurationPlatforms) = preSolution
		Debug|Any CPU = Debug|Any CPU
		Release|Any CPU = Release|Any CPU
	EndGlobalSection
	GlobalSection(ProjectConfigurationPlatforms) = postSolution
		{50C63589-6E7D-44F2-96C5-49A99AABC718}.Debug|Any CPU.ActiveCfg = Debug|Any CPU
		{50C63589-6E7D-44F2-96C5-49A99AABC718}.Debug|Any CPU.Build.0 = Debug|Any CPU
		{50C63589-6E7D-44F2-96C5-49A99AABC718}.Release|Any CPU.ActiveCfg = Release|Any CPU
		{50C63589-6E7D-44F2-96C5-49A99AABC718}.Release|Any CPU.Build.0 = Release|Any CPU
	EndGlobalSection
	GlobalSection(SolutionProperties) = preSolution
		HideSolutionNode = FALSE
	EndGlobalSection
	GlobalSection(ExtensibilityGlobals) = postSolution
		SolutionGuid = {3E4E20A5-BCBD-422D-9CFB-F58E510CF2D9}
	EndGlobalSection
EndGlobal
